{
  "version": 1,
  "dependencies": {
    "net10.0": {
      "Microsoft.AspNetCore.OpenApi": {
        "type": "Direct",
        "requested": "[10.0.11, )",
        "resolved": "10.0.11",
        "contentHash": "R/1EATnPLU+gRfB6lwVkMcymmyAY5ppBBdRN/5lhNEiT3xP1sWccuSFkU/f1lQvN/WgRq5Vn8AhCdE3fqgsL/w==",
        "dependencies": {
          "Microsoft.OpenApi": "[2.7.5, 3.0.0)"
        }
      },
      "Altinn.ApiClients.Maskinporten": {
        "type": "Transitive",
        "resolved": "10.1.0",
        "contentHash": "abW7+F17oxpEMdub40S2RvySV7Fwk0aez4CmedwHbm9RwFd2rRPv9Ng7jjM5Tn2pSBddfbIfsochxJrmykAVRA==",
        "dependencies": {
          "Microsoft.IdentityModel.Tokens": "8.15.0",
          "System.IdentityModel.Tokens.Jwt": "8.15.0"
        }
      },
      "libsodium": {
        "type": "Transitive",
        "resolved": "1.0.20.1",
        "contentHash": "pkiceEqJDQFHjbga3k/oPfTVX9g+GKJZ1VrkuiLhaymt9YNw1Dr7cX9hNuZuNaWcr9WD0moW55k4pMwzQ7JaZQ=="
      },
      "Microsoft.IdentityModel.Abstractions": {
        "type": "Transitive",
        "resolved": "8.15.0",
        "contentHash": "e/DApa1GfxUqHSBHcpiQg8yaghKAvFVBQFcWh25jNoRobDZbduTUACY8bZ54eeGWXvimGmEDdF0zkS5Dq16XPQ=="
      },
      "Microsoft.IdentityModel.JsonWebTokens": {
        "type": "Transitive",
        "resolved": "8.15.0",
        "contentHash": "3513f5VzvOZy3ELd42wGnh1Q3e83tlGAuXFSNbENpgWYoAhLLzgFtd5PiaOPGAU0gqKhYGVzKavghLUGfX3HQg==",
        "dependencies": {
          "Microsoft.IdentityModel.Tokens": "8.15.0"
        }
      },
      "Microsoft.IdentityModel.Logging": {
        "type": "Transitive",
        "resolved": "8.15.0",
        "contentHash": "1gJLjhy0LV2RQMJ9NGzi5Tnb2l+c37o8D8Lrk2mrvmb6OQHZ7XJstd/XxvncXgBpad4x9CGXdipbZzJJCXKyAg==",
        "dependencies": {
          "Microsoft.IdentityModel.Abstractions": "8.15.0"
        }
      },
      "Microsoft.IdentityModel.Tokens": {
        "type": "Transitive",
        "resolved": "8.15.0",
        "contentHash": "zUE9ysJXBtXlHHRtcRK3Sp8NzdCI1z/BRDTXJQ2TvBoI0ENRtnufYIep0O5TSCJRJGDwwuLTUx+l/bEYZUxpCA==",
        "dependencies": {
          "Microsoft.IdentityModel.Logging": "8.15.0"
        }
      },
      "Microsoft.OpenApi": {
        "type": "Transitive",
        "resolved": "2.7.5",
        "contentHash": "0FA67RSnRM4tcBKqiqVu/HPdZ9+QOKbmeRjxRUGTCjPU4C0bmUhd97Dso7Yild5P7nOV6GxJ2xrK0Kv/O9xp0w=="
      },
      "NSec.Cryptography": {
        "type": "Transitive",
        "resolved": "25.4.0",
        "contentHash": "Z3wPpG0xefMLmhn9T+Ka/EzAmMQPT0THL/5E4lf9cXI/N9rbGH0G23ZFpRcPnD0ast2k7ieG6QSVNIjmfPCXBQ==",
        "dependencies": {
          "libsodium": "[1.0.20.1, 1.0.21)"
        }
      },
      "Refit": {
        "type": "Transitive",
        "resolved": "10.2.0",
        "contentHash": "zwPmA4p0ZDCeg0/z0hRUXj4aS0y0mlJ8TSri4pz4e0MWmRXAtjSVeQdnkyRah2f6+I0JlP14UqMQW4N8u/hVeg=="
      },
      "Refit.HttpClientFactory": {
        "type": "Transitive",
        "resolved": "10.2.0",
        "contentHash": "pDd73YQWLFxqwP01H4vpXqu6BJAPKJrci7+Nmlhx+Xg5asklGhmoAUVAeGeEKAqyOMQeN7wl5tCKcihus+Gzmw==",
        "dependencies": {
          "Refit": "10.2.0"
        }
      },
      "System.IdentityModel.Tokens.Jwt": {
        "type": "Transitive",
        "resolved": "8.15.0",
        "contentHash": "dpodi7ixz6hxK8YCBYAWzm0IA8JYXoKcz0hbCbNifo519//rjUI0fBD8rfNr+IGqq+2gm4oQoXwHk09LX5SqqQ==",
        "dependencies": {
          "Microsoft.IdentityModel.JsonWebTokens": "8.15.0",
          "Microsoft.IdentityModel.Tokens": "8.15.0"
        }
      },
      "Altinn.ApiClients.Dialogporten": {
        "type": "Project",
        "dependencies": {
          "Altinn.ApiClients.Maskinporten": "[10.1.0, )",
          "NSec.Cryptography": "[25.4.0, )",
          "Refit": "[10.2.0, )",
          "Refit.HttpClientFactory": "[10.2.0, )"
        }
      },
      "Altinn.ApiClients.Dialogporten.Common": {
        "type": "Project",
        "dependencies": {
          "Altinn.ApiClients.Maskinporten": "[10.1.0, )",
          "NSec.Cryptography": "[25.4.0, )",
          "Refit": "[10.2.0, )",
          "Refit.HttpClientFactory": "[10.2.0, )"
        }
      }
    }
  }
}